<Solution>
  <Folder Name="/src/">
    <Project Path="src/LTC.NotificationService.Application.Contracts/LTC.NotificationService.Application.Contracts.csproj" />
    <Project Path="src/LTC.NotificationService.Application/LTC.NotificationService.Application.csproj" />
    
    
    
    
    
    
    
    
    
    <Project Path="src/LTC.NotificationService.DbMigrator/LTC.NotificationService.DbMigrator.csproj" />
    <Project Path="src/LTC.NotificationService.Domain.Shared/LTC.NotificationService.Domain.Shared.csproj" />
    <Project Path="src/LTC.NotificationService.Domain/LTC.NotificationService.Domain.csproj" />
    <Project Path="src/LTC.NotificationService.EntityFrameworkCore/LTC.NotificationService.EntityFrameworkCore.csproj" />
    <Project Path="src/LTC.NotificationService.HttpApi.Client/LTC.NotificationService.HttpApi.Client.csproj" />
    
    <Project Path="LTC.NotificationService.HttpApi.Host/LTC.NotificationService.HttpApi.Host.csproj" />
    <Project Path="src/LTC.NotificationService.HttpApi/LTC.NotificationService.HttpApi.csproj" />
    
    
    
  </Folder>
  <Folder Name="/test/">
    <Project Path="test/LTC.NotificationService.Application.Tests/LTC.NotificationService.Application.Tests.csproj" />
    <Project Path="test/LTC.NotificationService.Domain.Tests/LTC.NotificationService.Domain.Tests.csproj" />
    <Project Path="test/LTC.NotificationService.EntityFrameworkCore.Tests/LTC.NotificationService.EntityFrameworkCore.Tests.csproj" />
    <Project Path="test/LTC.NotificationService.HttpApi.Client.ConsoleTestApp/LTC.NotificationService.HttpApi.Client.ConsoleTestApp.csproj" />
    
    <Project Path="test/LTC.NotificationService.TestBase/LTC.NotificationService.TestBase.csproj" />
    
  </Folder>
</Solution>
